
Microsoft Visual Studio Solution File, Format Version 12.00
# Visual Studio Version 17
VisualStudioVersion = 17.8.34511.84
MinimumVisualStudioVersion = 10.0.40219.1
Project("{9A19103F-16F7-4668-BE54-9A1E7A4F7556}") = "Music4Every1.Server", "Music4Every1\Server\Music4Every1.Server.csproj", "{90D36E3C-82FF-4EAE-9477-F3781EC4D56F}"
EndProject
Project("{9A19103F-16F7-4668-BE54-9A1E7A4F7556}") = "Music4Every1.Client", "Music4Every1\Client\Music4Every1.Client.csproj", "{25BD21E9-6AE6-42BA-8A95-FCC91AF1D7AB}"
EndProject
Project("{9A19103F-16F7-4668-BE54-9A1E7A4F7556}") = "Music4Every1.Shared", "Music4Every1\Shared\Music4Every1.Shared.csproj", "{4F8BA705-49E7-4B1C-ADDC-6588EED1740D}"
EndProject
Global
	GlobalSection(SolutionConfigurationPlatforms) = preSolution
		Debug|Any CPU = Debug|Any CPU
		Release|Any CPU = Release|Any CPU
	EndGlobalSection
	GlobalSection(ProjectConfigurationPlatforms) = postSolution
		{90D36E3C-82FF-4EAE-9477-F3781EC4D56F}.Debug|Any CPU.ActiveCfg = Debug|Any CPU
		{90D36E3C-82FF-4EAE-9477-F3781EC4D56F}.Debug|Any CPU.Build.0 = Debug|Any CPU
		{90D36E3C-82FF-4EAE-9477-F3781EC4D56F}.Release|Any CPU.ActiveCfg = Release|Any CPU
		{90D36E3C-82FF-4EAE-9477-F3781EC4D56F}.Release|Any CPU.Build.0 = Release|Any CPU
		{25BD21E9-6AE6-42BA-8A95-FCC91AF1D7AB}.Debug|Any CPU.ActiveCfg = Debug|Any CPU
		{25BD21E9-6AE6-42BA-8A95-FCC91AF1D7AB}.Debug|Any CPU.Build.0 = Debug|Any CPU
		{25BD21E9-6AE6-42BA-8A95-FCC91AF1D7AB}.Release|Any CPU.ActiveCfg = Release|Any CPU
		{25BD21E9-6AE6-42BA-8A95-FCC91AF1D7AB}.Release|Any CPU.Build.0 = Release|Any CPU
		{4F8BA705-49E7-4B1C-ADDC-6588EED1740D}.Debug|Any CPU.ActiveCfg = Debug|Any CPU
		{4F8BA705-49E7-4B1C-ADDC-6588EED1740D}.Debug|Any CPU.Build.0 = Debug|Any CPU
		{4F8BA705-49E7-4B1C-ADDC-6588EED1740D}.Release|Any CPU.ActiveCfg = Release|Any CPU
		{4F8BA705-49E7-4B1C-ADDC-6588EED1740D}.Release|Any CPU.Build.0 = Release|Any CPU
	EndGlobalSection
	GlobalSection(SolutionProperties) = preSolution
		HideSolutionNode = FALSE
	EndGlobalSection
	GlobalSection(ExtensibilityGlobals) = postSolution
		SolutionGuid = {0693CBE3-9E2C-49E7-8502-0AC347E6BB5D}
	EndGlobalSection
EndGlobal
